
Microsoft Visual Studio Solution File, Format Version 12.00
# Visual Studio Version 17
VisualStudioVersion = 17.6.33829.357
MinimumVisualStudioVersion = 10.0.40219.1
Project("{FAE04EC0-301F-11D3-BF4B-00C04F79EFBC}") = "SpecflowAutomation", "SpecflowAutomation.csproj", "{30FC7908-1D74-480E-BC59-28CB3F39D11C}"
EndProject
Global
	GlobalSection(SolutionConfigurationPlatforms) = preSolution
		Debug|Any CPU = Debug|Any CPU
		Release|Any CPU = Release|Any CPU
	EndGlobalSection
	GlobalSection(ProjectConfigurationPlatforms) = postSolution
		{30FC7908-1D74-480E-BC59-28CB3F39D11C}.Debug|Any CPU.ActiveCfg = Debug|Any CPU
		{30FC7908-1D74-480E-BC59-28CB3F39D11C}.Debug|Any CPU.Build.0 = Debug|Any CPU
		{30FC7908-1D74-480E-BC59-28CB3F39D11C}.Release|Any CPU.ActiveCfg = Release|Any CPU
		{30FC7908-1D74-480E-BC59-28CB3F39D11C}.Release|Any CPU.Build.0 = Release|Any CPU
	EndGlobalSection
	GlobalSection(SolutionProperties) = preSolution
		HideSolutionNode = FALSE
	EndGlobalSection
	GlobalSection(ExtensibilityGlobals) = postSolution
		SolutionGuid = {7C86B73D-1920-4E85-A311-80E62EEEF9BA}
	EndGlobalSection
EndGlobal
